// !$*UTF8*$!
{
	archiveVersion = 1;
	classes = {
	};
	objectVersion = 51;
	objects = {

/* Begin PBXBuildFile section */
		115A505825DDC090002B33C2 /* ReviewViewController.swift in Sources */ = {isa = PBXBuildFile; fileRef = 115A505725DDC090002B33C2 /* ReviewViewController.swift */; };
		115EFD2E25E0A706008B352A /* CityTableViewController.swift in Sources */ = {isa = PBXBuildFile; fileRef = 115EFD2D25E0A706008B352A /* CityTableViewController.swift */; };
		1161228225DC4F34005D4B22 /* CompareViewController.swift in Sources */ = {isa = PBXBuildFile; fileRef = 1161228125DC4F34005D4B22 /* CompareViewController.swift */; };
		118E9CD925DB295700E8D467 /* AppDelegate.swift in Sources */ = {isa = PBXBuildFile; fileRef = 118E9CD825DB295700E8D467 /* AppDelegate.swift */; };
		118E9CDB25DB295700E8D467 /* SceneDelegate.swift in Sources */ = {isa = PBXBuildFile; fileRef = 118E9CDA25DB295700E8D467 /* SceneDelegate.swift */; };
		118E9CDD25DB295700E8D467 /* ViewController.swift in Sources */ = {isa = PBXBuildFile; fileRef = 118E9CDC25DB295700E8D467 /* ViewController.swift */; };
		118E9CE025DB295700E8D467 /* Main.storyboard in Resources */ = {isa = PBXBuildFile; fileRef = 118E9CDE25DB295700E8D467 /* Main.storyboard */; };
		118E9CE225DB295800E8D467 /* Assets.xcassets in Resources */ = {isa = PBXBuildFile; fileRef = 118E9CE125DB295800E8D467 /* Assets.xcassets */; };
		118E9CE525DB295800E8D467 /* LaunchScreen.storyboard in Resources */ = {isa = PBXBuildFile; fileRef = 118E9CE325DB295800E8D467 /* LaunchScreen.storyboard */; };
		118E9CEE25DB2A9800E8D467 /* ComparisonsTableViewController.swift in Sources */ = {isa = PBXBuildFile; fileRef = 118E9CED25DB2A9800E8D467 /* ComparisonsTableViewController.swift */; };
		118E9D0C25DB2C7900E8D467 /* Comparison.swift in Sources */ = {isa = PBXBuildFile; fileRef = 118E9D0B25DB2C7900E8D467 /* Comparison.swift */; };
		118E9D0F25DB307700E8D467 /* City.swift in Sources */ = {isa = PBXBuildFile; fileRef = 118E9D0E25DB307700E8D467 /* City.swift */; };
		118E9D1225DB328500E8D467 /* LoginViewController.swift in Sources */ = {isa = PBXBuildFile; fileRef = 118E9D1125DB328500E8D467 /* LoginViewController.swift */; };
		118E9D1725DB354A00E8D467 /* GoogleService-Info.plist in Resources */ = {isa = PBXBuildFile; fileRef = 118E9D1625DB354A00E8D467 /* GoogleService-Info.plist */; };
		118E9D1A25DB376300E8D467 /* UserManager.swift in Sources */ = {isa = PBXBuildFile; fileRef = 118E9D1925DB376300E8D467 /* UserManager.swift */; };
		1BFDFDF54B5A4A2F6506F44A /* Pods_City_Compare.framework in Frameworks */ = {isa = PBXBuildFile; fileRef = 68F3CAE2E4094140619754E3 /* Pods_City_Compare.framework */; };
/* End PBXBuildFile section */

/* Begin PBXFileReference section */
		115A505725DDC090002B33C2 /* ReviewViewController.swift */ = {isa = PBXFileReference; lastKnownFileType = sourcecode.swift; path = ReviewViewController.swift; sourceTree = "<group>"; };
		115EFD2D25E0A706008B352A /* CityTableViewController.swift */ = {isa = PBXFileReference; lastKnownFileType = sourcecode.swift; path = CityTableViewController.swift; sourceTree = "<group>"; };
		1161228125DC4F34005D4B22 /* CompareViewController.swift */ = {isa = PBXFileReference; lastKnownFileType = sourcecode.swift; path = CompareViewController.swift; sourceTree = "<group>"; };
		118E9CD525DB295700E8D467 /* City Compare.app */ = {isa = PBXFileReference; explicitFileType = wrapper.application; includeInIndex = 0; path = "City Compare.app"; sourceTree = BUILT_PRODUCTS_DIR; };
		118E9CD825DB295700E8D467 /* AppDelegate.swift */ = {isa = PBXFileReference; lastKnownFileType = sourcecode.swift; path = AppDelegate.swift; sourceTree = "<group>"; };
		118E9CDA25DB295700E8D467 /* SceneDelegate.swift */ = {isa = PBXFileReference; lastKnownFileType = sourcecode.swift; path = SceneDelegate.swift; sourceTree = "<group>"; };
		118E9CDC25DB295700E8D467 /* ViewController.swift */ = {isa = PBXFileReference; lastKnownFileType = sourcecode.swift; path = ViewController.swift; sourceTree = "<group>"; };
		118E9CDF25DB295700E8D467 /* Base */ = {isa = PBXFileReference; lastKnownFileType = file.storyboard; name = Base; path = Base.lproj/Main.storyboard; sourceTree = "<group>"; };
		118E9CE125DB295800E8D467 /* Assets.xcassets */ = {isa = PBXFileReference; lastKnownFileType = folder.assetcatalog; path = Assets.xcassets; sourceTree = "<group>"; };
		118E9CE425DB295800E8D467 /* Base */ = {isa = PBXFileReference; lastKnownFileType = file.storyboard; name = Base; path = Base.lproj/LaunchScreen.storyboard; sourceTree = "<group>"; };
		118E9CE625DB295800E8D467 /* Info.plist */ = {isa = PBXFileReference; lastKnownFileType = text.plist.xml; path = Info.plist; sourceTree = "<group>"; };
		118E9CED25DB2A9800E8D467 /* ComparisonsTableViewController.swift */ = {isa = PBXFileReference; lastKnownFileType = sourcecode.swift; path = ComparisonsTableViewController.swift; sourceTree = "<group>"; };
		118E9D0B25DB2C7900E8D467 /* Comparison.swift */ = {isa = PBXFileReference; lastKnownFileType = sourcecode.swift; path = Comparison.swift; sourceTree = "<group>"; };
		118E9D0E25DB307700E8D467 /* City.swift */ = {isa = PBXFileReference; lastKnownFileType = sourcecode.swift; path = City.swift; sourceTree = "<group>"; };
		118E9D1125DB328500E8D467 /* LoginViewController.swift */ = {isa = PBXFileReference; lastKnownFileType = sourcecode.swift; path = LoginViewController.swift; sourceTree = "<group>"; };
		118E9D1625DB354A00E8D467 /* GoogleService-Info.plist */ = {isa = PBXFileReference; fileEncoding = 4; lastKnownFileType = text.plist.xml; name = "GoogleService-Info.plist"; path = "../../../../Downloads/GoogleService-Info.plist"; sourceTree = "<group>"; };
		118E9D1925DB376300E8D467 /* UserManager.swift */ = {isa = PBXFileReference; lastKnownFileType = sourcecode.swift; path = UserManager.swift; sourceTree = "<group>"; };
		68F3CAE2E4094140619754E3 /* Pods_City_Compare.framework */ = {isa = PBXFileReference; explicitFileType = wrapper.framework; includeInIndex = 0; path = Pods_City_Compare.framework; sourceTree = BUILT_PRODUCTS_DIR; };
		865BAD0937CD809CD1FE6B17 /* Pods-City Compare.release.xcconfig */ = {isa = PBXFileReference; includeInIndex = 1; lastKnownFileType = text.xcconfig; name = "Pods-City Compare.release.xcconfig"; path = "Target Support Files/Pods-City Compare/Pods-City Compare.release.xcconfig"; sourceTree = "<group>"; };
		8BD513F61B3DA98241159BAD /* Pods-City Compare.debug.xcconfig */ = {isa = PBXFileReference; includeInIndex = 1; lastKnownFileType = text.xcconfig; name = "Pods-City Compare.debug.xcconfig"; path = "Target Support Files/Pods-City Compare/Pods-City Compare.debug.xcconfig"; sourceTree = "<group>"; };
/* End PBXFileReference section */

/* Begin PBXFrameworksBuildPhase section */
		118E9CD225DB295700E8D467 /* Frameworks */ = {
			isa = PBXFrameworksBuildPhase;
			buildActionMask = 2147483647;
			files = (
				1BFDFDF54B5A4A2F6506F44A /* Pods_City_Compare.framework in Frameworks */,
			);
			runOnlyForDeploymentPostprocessing = 0;
		};
/* End PBXFrameworksBuildPhase section */

/* Begin PBXGroup section */
		118E9CCC25DB295700E8D467 = {
			isa = PBXGroup;
			children = (
				118E9CD725DB295700E8D467 /* City Compare */,
				118E9CD625DB295700E8D467 /* Products */,
				4DFC76BE88214102E4015389 /* Pods */,
				268E783032B9C904220006D7 /* Frameworks */,
			);
			sourceTree = "<group>";
		};
		118E9CD625DB295700E8D467 /* Products */ = {
			isa = PBXGroup;
			children = (
				118E9CD525DB295700E8D467 /* City Compare.app */,
			);
			name = Products;
			sourceTree = "<group>";
		};
		118E9CD725DB295700E8D467 /* City Compare */ = {
			isa = PBXGroup;
			children = (
				118E9D1625DB354A00E8D467 /* GoogleService-Info.plist */,
				118E9CD825DB295700E8D467 /* AppDelegate.swift */,
				118E9CDA25DB295700E8D467 /* SceneDelegate.swift */,
				118E9CDC25DB295700E8D467 /* ViewController.swift */,
				118E9CDE25DB295700E8D467 /* Main.storyboard */,
				118E9CE125DB295800E8D467 /* Assets.xcassets */,
				118E9CE325DB295800E8D467 /* LaunchScreen.storyboard */,
				118E9CE625DB295800E8D467 /* Info.plist */,
				118E9CED25DB2A9800E8D467 /* ComparisonsTableViewController.swift */,
				118E9D0B25DB2C7900E8D467 /* Comparison.swift */,
				118E9D0E25DB307700E8D467 /* City.swift */,
				118E9D1125DB328500E8D467 /* LoginViewController.swift */,
				118E9D1925DB376300E8D467 /* UserManager.swift */,
				1161228125DC4F34005D4B22 /* CompareViewController.swift */,
				115A505725DDC090002B33C2 /* ReviewViewController.swift */,
				115EFD2D25E0A706008B352A /* CityTableViewController.swift */,
			);
			path = "City Compare";
			sourceTree = "<group>";
		};
		268E783032B9C904220006D7 /* Frameworks */ = {
			isa = PBXGroup;
			children = (
				68F3CAE2E4094140619754E3 /* Pods_City_Compare.framework */,
			);
			name = Frameworks;
			sourceTree = "<group>";
		};
		4DFC76BE88214102E4015389 /* Pods */ = {
			isa = PBXGroup;
			children = (
				8BD513F61B3DA98241159BAD /* Pods-City Compare.debug.xcconfig */,
				865BAD0937CD809CD1FE6B17 /* Pods-City Compare.release.xcconfig */,
			);
			path = Pods;
			sourceTree = "<group>";
		};
/* End PBXGroup section */

/* Begin PBXNativeTarget section */
		118E9CD425DB295700E8D467 /* City Compare */ = {
			isa = PBXNativeTarget;
			buildConfigurationList = 118E9CE925DB295800E8D467 /* Build configuration list for PBXNativeTarget "City Compare" */;
			buildPhases = (
				85CF372CBF8B4E2459854788 /* [CP] Check Pods Manifest.lock */,
				118E9CD125DB295700E8D467 /* Sources */,
				118E9CD225DB295700E8D467 /* Frameworks */,
				118E9CD325DB295700E8D467 /* Resources */,
				7018CE91E5845D0F463D6CD7 /* [CP] Embed Pods Frameworks */,
				52894EFD743F3DC99D761642 /* [CP] Copy Pods Resources */,
			);
			buildRules = (
			);
			dependencies = (
			);
			name = "City Compare";
			productName = "City Compare";
			productReference = 118E9CD525DB295700E8D467 /* City Compare.app */;
			productType = "com.apple.product-type.application";
		};
/* End PBXNativeTarget section */

/* Begin PBXProject section */
		118E9CCD25DB295700E8D467 /* Project object */ = {
			isa = PBXProject;
			attributes = {
				LastSwiftUpdateCheck = 1240;
				LastUpgradeCheck = 1240;
				TargetAttributes = {
					118E9CD425DB295700E8D467 = {
						CreatedOnToolsVersion = 12.4;
					};
				};
			};
			buildConfigurationList = 118E9CD025DB295700E8D467 /* Build configuration list for PBXProject "City Compare" */;
			compatibilityVersion = "Xcode 9.3";
			developmentRegion = en;
			hasScannedForEncodings = 0;
			knownRegions = (
				en,
				Base,
			);
			mainGroup = 118E9CCC25DB295700E8D467;
			productRefGroup = 118E9CD625DB295700E8D467 /* Products */;
			projectDirPath = "";
			projectRoot = "";
			targets = (
				118E9CD425DB295700E8D467 /* City Compare */,
			);
		};
/* End PBXProject section */

/* Begin PBXResourcesBuildPhase section */
		118E9CD325DB295700E8D467 /* Resources */ = {
			isa = PBXResourcesBuildPhase;
			buildActionMask = 2147483647;
			files = (
				118E9CE525DB295800E8D467 /* LaunchScreen.storyboard in Resources */,
				118E9D1725DB354A00E8D467 /* GoogleService-Info.plist in Resources */,
				118E9CE225DB295800E8D467 /* Assets.xcassets in Resources */,
				118E9CE025DB295700E8D467 /* Main.storyboard in Resources */,
			);
			runOnlyForDeploymentPostprocessing = 0;
		};
/* End PBXResourcesBuildPhase section */

/* Begin PBXShellScriptBuildPhase section */
		52894EFD743F3DC99D761642 /* [CP] Copy Pods Resources */ = {
			isa = PBXShellScriptBuildPhase;
			buildActionMask = 2147483647;
			files = (
			);
			inputFileListPaths = (
				"${PODS_ROOT}/Target Support Files/Pods-City Compare/Pods-City Compare-resources-${CONFIGURATION}-input-files.xcfilelist",
			);
			name = "[CP] Copy Pods Resources";
			outputFileListPaths = (
				"${PODS_ROOT}/Target Support Files/Pods-City Compare/Pods-City Compare-resources-${CONFIGURATION}-output-files.xcfilelist",
			);
			runOnlyForDeploymentPostprocessing = 0;
			shellPath = /bin/sh;
			shellScript = "\"${PODS_ROOT}/Target Support Files/Pods-City Compare/Pods-City Compare-resources.sh\"\n";
			showEnvVarsInLog = 0;
		};
		7018CE91E5845D0F463D6CD7 /* [CP] Embed Pods Frameworks */ = {
			isa = PBXShellScriptBuildPhase;
			buildActionMask = 2147483647;
			files = (
			);
			inputFileListPaths = (
				"${PODS_ROOT}/Target Support Files/Pods-City Compare/Pods-City Compare-frameworks-${CONFIGURATION}-input-files.xcfilelist",
			);
			name = "[CP] Embed Pods Frameworks";
			outputFileListPaths = (
				"${PODS_ROOT}/Target Support Files/Pods-City Compare/Pods-City Compare-frameworks-${CONFIGURATION}-output-files.xcfilelist",
			);
			runOnlyForDeploymentPostprocessing = 0;
			shellPath = /bin/sh;
			shellScript = "\"${PODS_ROOT}/Target Support Files/Pods-City Compare/Pods-City Compare-frameworks.sh\"\n";
			showEnvVarsInLog = 0;
		};
		85CF372CBF8B4E2459854788 /* [CP] Check Pods Manifest.lock */ = {
			isa = PBXShellScriptBuildPhase;
			buildActionMask = 2147483647;
			files = (
			);
			inputFileListPaths = (
			);
			inputPaths = (
				"${PODS_PODFILE_DIR_PATH}/Podfile.lock",
				"${PODS_ROOT}/Manifest.lock",
			);
			name = "[CP] Check Pods Manifest.lock";
			outputFileListPaths = (
			);
			outputPaths = (
				"$(DERIVED_FILE_DIR)/Pods-City Compare-checkManifestLockResult.txt",
			);
			runOnlyForDeploymentPostprocessing = 0;
			shellPath = /bin/sh;
			shellScript = "diff \"${PODS_PODFILE_DIR_PATH}/Podfile.lock\" \"${PODS_ROOT}/Manifest.lock\" > /dev/null\nif [ $? != 0 ] ; then\n    # print error to STDERR\n    echo \"error: The sandbox is not in sync with the Podfile.lock. Run 'pod install' or update your CocoaPods installation.\" >&2\n    exit 1\nfi\n# This output is used by Xcode 'outputs' to avoid re-running this script phase.\necho \"SUCCESS\" > \"${SCRIPT_OUTPUT_FILE_0}\"\n";
			showEnvVarsInLog = 0;
		};
/* End PBXShellScriptBuildPhase section */

/* Begin PBXSourcesBuildPhase section */
		118E9CD125DB295700E8D467 /* Sources */ = {
			isa = PBXSourcesBuildPhase;
			buildActionMask = 2147483647;
			files = (
				118E9D1225DB328500E8D467 /* LoginViewController.swift in Sources */,
				118E9CEE25DB2A9800E8D467 /* ComparisonsTableViewController.swift in Sources */,
				115A505825DDC090002B33C2 /* ReviewViewController.swift in Sources */,
				118E9D0C25DB2C7900E8D467 /* Comparison.swift in Sources */,
				118E9D0F25DB307700E8D467 /* City.swift in Sources */,
				118E9CDD25DB295700E8D467 /* ViewController.swift in Sources */,
				118E9CD925DB295700E8D467 /* AppDelegate.swift in Sources */,
				115EFD2E25E0A706008B352A /* CityTableViewController.swift in Sources */,
				1161228225DC4F34005D4B22 /* CompareViewController.swift in Sources */,
				118E9D1A25DB376300E8D467 /* UserManager.swift in Sources */,
				118E9CDB25DB295700E8D467 /* SceneDelegate.swift in Sources */,
			);
			runOnlyForDeploymentPostprocessing = 0;
		};
/* End PBXSourcesBuildPhase section */

/* Begin PBXVariantGroup section */
		118E9CDE25DB295700E8D467 /* Main.storyboard */ = {
			isa = PBXVariantGroup;
			children = (
				118E9CDF25DB295700E8D467 /* Base */,
			);
			name = Main.storyboard;
			sourceTree = "<group>";
		};
		118E9CE325DB295800E8D467 /* LaunchScreen.storyboard */ = {
			isa = PBXVariantGroup;
			children = (
				118E9CE425DB295800E8D467 /* Base */,
			);
			name = LaunchScreen.storyboard;
			sourceTree = "<group>";
		};
/* End PBXVariantGroup section */

/* Begin XCBuildConfiguration section */
		118E9CE725DB295800E8D467 /* Debug */ = {
			isa = XCBuildConfiguration;
			buildSettings = {
				ALWAYS_SEARCH_USER_PATHS = NO;
				CLANG_ANALYZER_NONNULL = YES;
				CLANG_ANALYZER_NUMBER_OBJECT_CONVERSION = YES_AGGRESSIVE;
				CLANG_CXX_LANGUAGE_STANDARD = "gnu++14";
				CLANG_CXX_LIBRARY = "libc++";
				CLANG_ENABLE_MODULES = YES;
				CLANG_ENABLE_OBJC_ARC = YES;
				CLANG_ENABLE_OBJC_WEAK = YES;
				CLANG_WARN_BLOCK_CAPTURE_AUTORELEASING = YES;
				CLANG_WARN_BOOL_CONVERSION = YES;
				CLANG_WARN_COMMA = YES;
				CLANG_WARN_CONSTANT_CONVERSION = YES;
				CLANG_WARN_DEPRECATED_OBJC_IMPLEMENTATIONS = YES;
				CLANG_WARN_DIRECT_OBJC_ISA_USAGE = YES_ERROR;
				CLANG_WARN_DOCUMENTATION_COMMENTS = YES;
				CLANG_WARN_EMPTY_BODY = YES;
				CLANG_WARN_ENUM_CONVERSION = YES;
				CLANG_WARN_INFINITE_RECURSION = YES;
				CLANG_WARN_INT_CONVERSION = YES;
				CLANG_WARN_NON_LITERAL_NULL_CONVERSION = YES;
				CLANG_WARN_OBJC_IMPLICIT_RETAIN_SELF = YES;
				CLANG_WARN_OBJC_LITERAL_CONVERSION = YES;
				CLANG_WARN_OBJC_ROOT_CLASS = YES_ERROR;
				CLANG_WARN_QUOTED_INCLUDE_IN_FRAMEWORK_HEADER = YES;
				CLANG_WARN_RANGE_LOOP_ANALYSIS = YES;
				CLANG_WARN_STRICT_PROTOTYPES = YES;
				CLANG_WARN_SUSPICIOUS_MOVE = YES;
				CLANG_WARN_UNGUARDED_AVAILABILITY = YES_AGGRESSIVE;
				CLANG_WARN_UNREACHABLE_CODE = YES;
				CLANG_WARN__DUPLICATE_METHOD_MATCH = YES;
				COPY_PHASE_STRIP = NO;
				DEBUG_INFORMATION_FORMAT = dwarf;
				ENABLE_STRICT_OBJC_MSGSEND = YES;
				ENABLE_TESTABILITY = YES;
				GCC_C_LANGUAGE_STANDARD = gnu11;
				GCC_DYNAMIC_NO_PIC = NO;
				GCC_NO_COMMON_BLOCKS = YES;
				GCC_OPTIMIZATION_LEVEL = 0;
				GCC_PREPROCESSOR_DEFINITIONS = (
					"DEBUG=1",
					"$(inherited)",
				);
				GCC_WARN_64_TO_32_BIT_CONVERSION = YES;
				GCC_WARN_ABOUT_RETURN_TYPE = YES_ERROR;
				GCC_WARN_UNDECLARED_SELECTOR = YES;
				GCC_WARN_UNINITIALIZED_AUTOS = YES_AGGRESSIVE;
				GCC_WARN_UNUSED_FUNCTION = YES;
				GCC_WARN_UNUSED_VARIABLE = YES;
				IPHONEOS_DEPLOYMENT_TARGET = 14.4;
				MTL_ENABLE_DEBUG_INFO = INCLUDE_SOURCE;
				MTL_FAST_MATH = YES;
				ONLY_ACTIVE_ARCH = YES;
				SDKROOT = iphoneos;
				SWIFT_ACTIVE_COMPILATION_CONDITIONS = DEBUG;
				SWIFT_OPTIMIZATION_LEVEL = "-Onone";
			};
			name = Debug;
		};
		118E9CE825DB295800E8D467 /* Release */ = {
			isa = XCBuildConfiguration;
			buildSettings = {
				ALWAYS_SEARCH_USER_PATHS = NO;
				CLANG_ANALYZER_NONNULL = YES;
				CLANG_ANALYZER_NUMBER_OBJECT_CONVERSION = YES_AGGRESSIVE;
				CLANG_CXX_LANGUAGE_STANDARD = "gnu++14";
				CLANG_CXX_LIBRARY = "libc++";
				CLANG_ENABLE_MODULES = YES;
				CLANG_ENABLE_OBJC_ARC = YES;
				CLANG_ENABLE_OBJC_WEAK = YES;
				CLANG_WARN_BLOCK_CAPTURE_AUTORELEASING = YES;
				CLANG_WARN_BOOL_CONVERSION = YES;
				CLANG_WARN_COMMA = YES;
				CLANG_WARN_CONSTANT_CONVERSION = YES;
				CLANG_WARN_DEPRECATED_OBJC_IMPLEMENTATIONS = YES;
				CLANG_WARN_DIRECT_OBJC_ISA_USAGE = YES_ERROR;
				CLANG_WARN_DOCUMENTATION_COMMENTS = YES;
				CLANG_WARN_EMPTY_BODY = YES;
				CLANG_WARN_ENUM_CONVERSION = YES;
				CLANG_WARN_INFINITE_RECURSION = YES;
				CLANG_WARN_INT_CONVERSION = YES;
				CLANG_WARN_NON_LITERAL_NULL_CONVERSION = YES;
				CLANG_WARN_OBJC_IMPLICIT_RETAIN_SELF = YES;
				CLANG_WARN_OBJC_LITERAL_CONVERSION = YES;
				CLANG_WARN_OBJC_ROOT_CLASS = YES_ERROR;
				CLANG_WARN_QUOTED_INCLUDE_IN_FRAMEWORK_HEADER = YES;
				CLANG_WARN_RANGE_LOOP_ANALYSIS = YES;
				CLANG_WARN_STRICT_PROTOTYPES = YES;
				CLANG_WARN_SUSPICIOUS_MOVE = YES;
				CLANG_WARN_UNGUARDED_AVAILABILITY = YES_AGGRESSIVE;
				CLANG_WARN_UNREACHABLE_CODE = YES;
				CLANG_WARN__DUPLICATE_METHOD_MATCH = YES;
				COPY_PHASE_STRIP = NO;
				DEBUG_INFORMATION_FORMAT = "dwarf-with-dsym";
				ENABLE_NS_ASSERTIONS = NO;
				ENABLE_STRICT_OBJC_MSGSEND = YES;
				GCC_C_LANGUAGE_STANDARD = gnu11;
				GCC_NO_COMMON_BLOCKS = YES;
				GCC_WARN_64_TO_32_BIT_CONVERSION = YES;
				GCC_WARN_ABOUT_RETURN_TYPE = YES_ERROR;
				GCC_WARN_UNDECLARED_SELECTOR = YES;
				GCC_WARN_UNINITIALIZED_AUTOS = YES_AGGRESSIVE;
				GCC_WARN_UNUSED_FUNCTION = YES;
				GCC_WARN_UNUSED_VARIABLE = YES;
				IPHONEOS_DEPLOYMENT_TARGET = 14.4;
				MTL_ENABLE_DEBUG_INFO = NO;
				MTL_FAST_MATH = YES;
				SDKROOT = iphoneos;
				SWIFT_COMPILATION_MODE = wholemodule;
				SWIFT_OPTIMIZATION_LEVEL = "-O";
				VALIDATE_PRODUCT = YES;
			};
			name = Release;
		};
		118E9CEA25DB295800E8D467 /* Debug */ = {
			isa = XCBuildConfiguration;
			baseConfigurationReference = 8BD513F61B3DA98241159BAD /* Pods-City Compare.debug.xcconfig */;
			buildSettings = {
				ASSETCATALOG_COMPILER_APPICON_NAME = AppIcon;
				ASSETCATALOG_COMPILER_GLOBAL_ACCENT_COLOR_NAME = AccentColor;
				CODE_SIGN_STYLE = Automatic;
				DEVELOPMENT_TEAM = V97K4HK53S;
				INFOPLIST_FILE = "City Compare/Info.plist";
				LD_RUNPATH_SEARCH_PATHS = (
					"$(inherited)",
					"@executable_path/Frameworks",
				);
				PRODUCT_BUNDLE_IDENTIFIER = "edu.rose-hulman.hendrijm.City-Compare";
				PRODUCT_NAME = "$(TARGET_NAME)";
				SWIFT_VERSION = 5.0;
				TARGETED_DEVICE_FAMILY = "1,2";
			};
			name = Debug;
		};
		118E9CEB25DB295800E8D467 /* Release */ = {
			isa = XCBuildConfiguration;
			baseConfigurationReference = 865BAD0937CD809CD1FE6B17 /* Pods-City Compare.release.xcconfig */;
			buildSettings = {
				ASSETCATALOG_COMPILER_APPICON_NAME = AppIcon;
				ASSETCATALOG_COMPILER_GLOBAL_ACCENT_COLOR_NAME = AccentColor;
				CODE_SIGN_STYLE = Automatic;
				DEVELOPMENT_TEAM = V97K4HK53S;
				INFOPLIST_FILE = "City Compare/Info.plist";
				LD_RUNPATH_SEARCH_PATHS = (
					"$(inherited)",
					"@executable_path/Frameworks",
				);
				PRODUCT_BUNDLE_IDENTIFIER = "edu.rose-hulman.hendrijm.City-Compare";
				PRODUCT_NAME = "$(TARGET_NAME)";
				SWIFT_VERSION = 5.0;
				TARGETED_DEVICE_FAMILY = "1,2";
			};
			name = Release;
		};
/* End XCBuildConfiguration section */

/* Begin XCConfigurationList section */
		118E9CD025DB295700E8D467 /* Build configuration list for PBXProject "City Compare" */ = {
			isa = XCConfigurationList;
			buildConfigurations = (
				118E9CE725DB295800E8D467 /* Debug */,
				118E9CE825DB295800E8D467 /* Release */,
			);
			defaultConfigurationIsVisible = 0;
			defaultConfigurationName = Release;
		};
		118E9CE925DB295800E8D467 /* Build configuration list for PBXNativeTarget "City Compare" */ = {
			isa = XCConfigurationList;
			buildConfigurations = (
				118E9CEA25DB295800E8D467 /* Debug */,
				118E9CEB25DB295800E8D467 /* Release */,
			);
			defaultConfigurationIsVisible = 0;
			defaultConfigurationName = Release;
		};
/* End XCConfigurationList section */
	};
	rootObject = 118E9CCD25DB295700E8D467 /* Project object */;
}
